packages:
  - name: dbt_utils
    package: dbt-labs/dbt_utils
    version: 1.1.1
  - name: dbt_date
    package: godatadriven/dbt_date
    version: 0.10.0
  - git: https://github.com/dbt-labs/dbt-audit-helper.git
    name: audit_helper
    revision: acc7cad15a9a5cd0c2a928fafb888cffd135790e
  - git: https://github.com/saraleon1/dbt-upstream-project.git
    name: my_new_project
    revision: a01f88ae8cde193fbf23ee2c657e2f0ca741134a
sha1_hash: d12830e7af3d11f08db8d5bba9094b1ed6c26f2f
